// !$*UTF8*$!
{
	archiveVersion = 1;
	classes = {
	};
	objectVersion = 46;
	objects = {

/* Begin PBXBuildFile section */
		A36611631649D4B500088AF4 /* UIKit.framework in Frameworks */ = {isa = PBXBuildFile; fileRef = A36611621649D4B500088AF4 /* UIKit.framework */; };
		A36611651649D4B500088AF4 /* Foundation.framework in Frameworks */ = {isa = PBXBuildFile; fileRef = A36611641649D4B500088AF4 /* Foundation.framework */; };
		A36611671649D4B500088AF4 /* CoreGraphics.framework in Frameworks */ = {isa = PBXBuildFile; fileRef = A36611661649D4B500088AF4 /* CoreGraphics.framework */; };
		A366116D1649D4B500088AF4 /* InfoPlist.strings in Resources */ = {isa = PBXBuildFile; fileRef = A366116B1649D4B500088AF4 /* InfoPlist.strings */; };
		A366116F1649D4B500088AF4 /* main.m in Sources */ = {isa = PBXBuildFile; fileRef = A366116E1649D4B500088AF4 /* main.m */; };
		A36611731649D4B500088AF4 /* UTAppDelegate.m in Sources */ = {isa = PBXBuildFile; fileRef = A36611721649D4B500088AF4 /* UTAppDelegate.m */; };
		A36611751649D4B500088AF4 /* Default.png in Resources */ = {isa = PBXBuildFile; fileRef = A36611741649D4B500088AF4 /* Default.png */; };
		A36611771649D4B500088AF4 /* Default@2x.png in Resources */ = {isa = PBXBuildFile; fileRef = A36611761649D4B500088AF4 /* Default@2x.png */; };
		A36611791649D4B500088AF4 /* Default-568h@2x.png in Resources */ = {isa = PBXBuildFile; fileRef = A36611781649D4B500088AF4 /* Default-568h@2x.png */; };
		A366117C1649D4B500088AF4 /* MainStoryboard_iPhone.storyboard in Resources */ = {isa = PBXBuildFile; fileRef = A366117A1649D4B500088AF4 /* MainStoryboard_iPhone.storyboard */; };
		A366117F1649D4B500088AF4 /* MainStoryboard_iPad.storyboard in Resources */ = {isa = PBXBuildFile; fileRef = A366117D1649D4B500088AF4 /* MainStoryboard_iPad.storyboard */; };
		A36611821649D4B500088AF4 /* UTViewController.m in Sources */ = {isa = PBXBuildFile; fileRef = A36611811649D4B500088AF4 /* UTViewController.m */; };
		A36611A01649D50200088AF4 /* Keyboard_Blank.png in Resources */ = {isa = PBXBuildFile; fileRef = A366118E1649D50200088AF4 /* Keyboard_Blank.png */; };
		A36611A11649D50200088AF4 /* Keyboard_Blank@2x.png in Resources */ = {isa = PBXBuildFile; fileRef = A366118F1649D50200088AF4 /* Keyboard_Blank@2x.png */; };
		A36611A21649D50200088AF4 /* Keyboard_Shift.png in Resources */ = {isa = PBXBuildFile; fileRef = A36611901649D50200088AF4 /* Keyboard_Shift.png */; };
		A36611A31649D50200088AF4 /* Keyboard_Shift@2x.png in Resources */ = {isa = PBXBuildFile; fileRef = A36611911649D50200088AF4 /* Keyboard_Shift@2x.png */; };
		A36611A41649D50200088AF4 /* PKCustomKeyboard.m in Sources */ = {isa = PBXBuildFile; fileRef = A36611931649D50200088AF4 /* PKCustomKeyboard.m */; };
		A36611A51649D50200088AF4 /* PKCustomKeyboard.xib in Resources */ = {isa = PBXBuildFile; fileRef = A36611941649D50200088AF4 /* PKCustomKeyboard.xib */; };
		A36611AB1649D50200088AF4 /* PMCustomKeyboard.m in Sources */ = {isa = PBXBuildFile; fileRef = A366119C1649D50200088AF4 /* PMCustomKeyboard.m */; };
		A36611AC1649D50200088AF4 /* PMCustomKeyboard.xib in Resources */ = {isa = PBXBuildFile; fileRef = A366119D1649D50200088AF4 /* PMCustomKeyboard.xib */; };
		A3F070091649D8FE007C389B /* delete.png in Resources */ = {isa = PBXBuildFile; fileRef = A3F070021649D8FE007C389B /* delete.png */; };
		A3F0700A1649D8FE007C389B /* delete@2x.png in Resources */ = {isa = PBXBuildFile; fileRef = A3F070031649D8FE007C389B /* delete@2x.png */; };
		A3F0700B1649D8FE007C389B /* glow.png in Resources */ = {isa = PBXBuildFile; fileRef = A3F070041649D8FE007C389B /* glow.png */; };
		A3F0700C1649D8FE007C389B /* iOS_Keyboard.png in Resources */ = {isa = PBXBuildFile; fileRef = A3F070051649D8FE007C389B /* iOS_Keyboard.png */; };
		A3F0700D1649D8FE007C389B /* iOS_Keyboard@2x.png in Resources */ = {isa = PBXBuildFile; fileRef = A3F070061649D8FE007C389B /* iOS_Keyboard@2x.png */; };
		A3F0700E1649D8FE007C389B /* return.png in Resources */ = {isa = PBXBuildFile; fileRef = A3F070071649D8FE007C389B /* return.png */; };
		A3F0700F1649D8FE007C389B /* return@2x.png in Resources */ = {isa = PBXBuildFile; fileRef = A3F070081649D8FE007C389B /* return@2x.png */; };
/* End PBXBuildFile section */

/* Begin PBXFileReference section */
		A366115E1649D4B500088AF4 /* iOS Custom Keyboards.app */ = {isa = PBXFileReference; explicitFileType = wrapper.application; includeInIndex = 0; path = "iOS Custom Keyboards.app"; sourceTree = BUILT_PRODUCTS_DIR; };
		A36611621649D4B500088AF4 /* UIKit.framework */ = {isa = PBXFileReference; lastKnownFileType = wrapper.framework; name = UIKit.framework; path = System/Library/Frameworks/UIKit.framework; sourceTree = SDKROOT; };
		A36611641649D4B500088AF4 /* Foundation.framework */ = {isa = PBXFileReference; lastKnownFileType = wrapper.framework; name = Foundation.framework; path = System/Library/Frameworks/Foundation.framework; sourceTree = SDKROOT; };
		A36611661649D4B500088AF4 /* CoreGraphics.framework */ = {isa = PBXFileReference; lastKnownFileType = wrapper.framework; name = CoreGraphics.framework; path = System/Library/Frameworks/CoreGraphics.framework; sourceTree = SDKROOT; };
		A366116A1649D4B500088AF4 /* iOS Custom Keyboards-Info.plist */ = {isa = PBXFileReference; lastKnownFileType = text.plist.xml; path = "iOS Custom Keyboards-Info.plist"; sourceTree = "<group>"; };
		A366116C1649D4B500088AF4 /* en */ = {isa = PBXFileReference; lastKnownFileType = text.plist.strings; name = en; path = en.lproj/InfoPlist.strings; sourceTree = "<group>"; };
		A366116E1649D4B500088AF4 /* main.m */ = {isa = PBXFileReference; lastKnownFileType = sourcecode.c.objc; path = main.m; sourceTree = "<group>"; };
		A36611701649D4B500088AF4 /* iOS Custom Keyboards-Prefix.pch */ = {isa = PBXFileReference; lastKnownFileType = sourcecode.c.h; path = "iOS Custom Keyboards-Prefix.pch"; sourceTree = "<group>"; };
		A36611711649D4B500088AF4 /* UTAppDelegate.h */ = {isa = PBXFileReference; lastKnownFileType = sourcecode.c.h; path = UTAppDelegate.h; sourceTree = "<group>"; };
		A36611721649D4B500088AF4 /* UTAppDelegate.m */ = {isa = PBXFileReference; lastKnownFileType = sourcecode.c.objc; path = UTAppDelegate.m; sourceTree = "<group>"; };
		A36611741649D4B500088AF4 /* Default.png */ = {isa = PBXFileReference; lastKnownFileType = image.png; path = Default.png; sourceTree = "<group>"; };
		A36611761649D4B500088AF4 /* Default@2x.png */ = {isa = PBXFileReference; lastKnownFileType = image.png; path = "Default@2x.png"; sourceTree = "<group>"; };
		A36611781649D4B500088AF4 /* Default-568h@2x.png */ = {isa = PBXFileReference; lastKnownFileType = image.png; path = "Default-568h@2x.png"; sourceTree = "<group>"; };
		A366117B1649D4B500088AF4 /* en */ = {isa = PBXFileReference; lastKnownFileType = file.storyboard; name = en; path = en.lproj/MainStoryboard_iPhone.storyboard; sourceTree = "<group>"; };
		A366117E1649D4B500088AF4 /* en */ = {isa = PBXFileReference; lastKnownFileType = file.storyboard; name = en; path = en.lproj/MainStoryboard_iPad.storyboard; sourceTree = "<group>"; };
		A36611801649D4B500088AF4 /* UTViewController.h */ = {isa = PBXFileReference; lastKnownFileType = sourcecode.c.h; path = UTViewController.h; sourceTree = "<group>"; };
		A36611811649D4B500088AF4 /* UTViewController.m */ = {isa = PBXFileReference; lastKnownFileType = sourcecode.c.objc; path = UTViewController.m; sourceTree = "<group>"; };
		A366118E1649D50200088AF4 /* Keyboard_Blank.png */ = {isa = PBXFileReference; lastKnownFileType = image.png; path = Keyboard_Blank.png; sourceTree = "<group>"; };
		A366118F1649D50200088AF4 /* Keyboard_Blank@2x.png */ = {isa = PBXFileReference; lastKnownFileType = image.png; path = "Keyboard_Blank@2x.png"; sourceTree = "<group>"; };
		A36611901649D50200088AF4 /* Keyboard_Shift.png */ = {isa = PBXFileReference; lastKnownFileType = image.png; path = Keyboard_Shift.png; sourceTree = "<group>"; };
		A36611911649D50200088AF4 /* Keyboard_Shift@2x.png */ = {isa = PBXFileReference; lastKnownFileType = image.png; path = "Keyboard_Shift@2x.png"; sourceTree = "<group>"; };
		A36611921649D50200088AF4 /* PKCustomKeyboard.h */ = {isa = PBXFileReference; fileEncoding = 4; lastKnownFileType = sourcecode.c.h; path = PKCustomKeyboard.h; sourceTree = "<group>"; };
		A36611931649D50200088AF4 /* PKCustomKeyboard.m */ = {isa = PBXFileReference; fileEncoding = 4; lastKnownFileType = sourcecode.c.objc; path = PKCustomKeyboard.m; sourceTree = "<group>"; };
		A36611941649D50200088AF4 /* PKCustomKeyboard.xib */ = {isa = PBXFileReference; fileEncoding = 4; lastKnownFileType = file.xib; path = PKCustomKeyboard.xib; sourceTree = "<group>"; };
		A366119B1649D50200088AF4 /* PMCustomKeyboard.h */ = {isa = PBXFileReference; fileEncoding = 4; lastKnownFileType = sourcecode.c.h; path = PMCustomKeyboard.h; sourceTree = "<group>"; };
		A366119C1649D50200088AF4 /* PMCustomKeyboard.m */ = {isa = PBXFileReference; fileEncoding = 4; lastKnownFileType = sourcecode.c.objc; path = PMCustomKeyboard.m; sourceTree = "<group>"; };
		A366119D1649D50200088AF4 /* PMCustomKeyboard.xib */ = {isa = PBXFileReference; fileEncoding = 4; lastKnownFileType = file.xib; path = PMCustomKeyboard.xib; sourceTree = "<group>"; };
		A3F070021649D8FE007C389B /* delete.png */ = {isa = PBXFileReference; lastKnownFileType = image.png; name = delete.png; path = Images/delete.png; sourceTree = "<group>"; };
		A3F070031649D8FE007C389B /* delete@2x.png */ = {isa = PBXFileReference; lastKnownFileType = image.png; name = "delete@2x.png"; path = "Images/delete@2x.png"; sourceTree = "<group>"; };
		A3F070041649D8FE007C389B /* glow.png */ = {isa = PBXFileReference; lastKnownFileType = image.png; name = glow.png; path = Images/glow.png; sourceTree = "<group>"; };
		A3F070051649D8FE007C389B /* iOS_Keyboard.png */ = {isa = PBXFileReference; lastKnownFileType = image.png; name = iOS_Keyboard.png; path = Images/iOS_Keyboard.png; sourceTree = "<group>"; };
		A3F070061649D8FE007C389B /* iOS_Keyboard@2x.png */ = {isa = PBXFileReference; lastKnownFileType = image.png; name = "iOS_Keyboard@2x.png"; path = "Images/iOS_Keyboard@2x.png"; sourceTree = "<group>"; };
		A3F070071649D8FE007C389B /* return.png */ = {isa = PBXFileReference; lastKnownFileType = image.png; name = return.png; path = Images/return.png; sourceTree = "<group>"; };
		A3F070081649D8FE007C389B /* return@2x.png */ = {isa = PBXFileReference; lastKnownFileType = image.png; name = "return@2x.png"; path = "Images/return@2x.png"; sourceTree = "<group>"; };
/* End PBXFileReference section */

/* Begin PBXFrameworksBuildPhase section */
		A366115B1649D4B500088AF4 /* Frameworks */ = {
			isa = PBXFrameworksBuildPhase;
			buildActionMask = 2147483647;
			files = (
				A36611631649D4B500088AF4 /* UIKit.framework in Frameworks */,
				A36611651649D4B500088AF4 /* Foundation.framework in Frameworks */,
				A36611671649D4B500088AF4 /* CoreGraphics.framework in Frameworks */,
			);
			runOnlyForDeploymentPostprocessing = 0;
		};
/* End PBXFrameworksBuildPhase section */

/* Begin PBXGroup section */
		A36611531649D4B500088AF4 = {
			isa = PBXGroup;
			children = (
				A366118C1649D50200088AF4 /* iPad */,
				A36611951649D50200088AF4 /* iPhone:iPod */,
				A36611681649D4B500088AF4 /* iOS Custom Keyboards */,
				A36611611649D4B500088AF4 /* Frameworks */,
				A366115F1649D4B500088AF4 /* Products */,
			);
			sourceTree = "<group>";
		};
		A366115F1649D4B500088AF4 /* Products */ = {
			isa = PBXGroup;
			children = (
				A366115E1649D4B500088AF4 /* iOS Custom Keyboards.app */,
			);
			name = Products;
			sourceTree = "<group>";
		};
		A36611611649D4B500088AF4 /* Frameworks */ = {
			isa = PBXGroup;
			children = (
				A36611621649D4B500088AF4 /* UIKit.framework */,
				A36611641649D4B500088AF4 /* Foundation.framework */,
				A36611661649D4B500088AF4 /* CoreGraphics.framework */,
			);
			name = Frameworks;
			sourceTree = "<group>";
		};
		A36611681649D4B500088AF4 /* iOS Custom Keyboards */ = {
			isa = PBXGroup;
			children = (
				A36611711649D4B500088AF4 /* UTAppDelegate.h */,
				A36611721649D4B500088AF4 /* UTAppDelegate.m */,
				A366117A1649D4B500088AF4 /* MainStoryboard_iPhone.storyboard */,
				A366117D1649D4B500088AF4 /* MainStoryboard_iPad.storyboard */,
				A36611801649D4B500088AF4 /* UTViewController.h */,
				A36611811649D4B500088AF4 /* UTViewController.m */,
				A36611691649D4B500088AF4 /* Supporting Files */,
			);
			path = "iOS Custom Keyboards";
			sourceTree = "<group>";
		};
		A36611691649D4B500088AF4 /* Supporting Files */ = {
			isa = PBXGroup;
			children = (
				A366116A1649D4B500088AF4 /* iOS Custom Keyboards-Info.plist */,
				A366116B1649D4B500088AF4 /* InfoPlist.strings */,
				A366116E1649D4B500088AF4 /* main.m */,
				A36611701649D4B500088AF4 /* iOS Custom Keyboards-Prefix.pch */,
				A36611741649D4B500088AF4 /* Default.png */,
				A36611761649D4B500088AF4 /* Default@2x.png */,
				A36611781649D4B500088AF4 /* Default-568h@2x.png */,
			);
			name = "Supporting Files";
			sourceTree = "<group>";
		};
		A366118C1649D50200088AF4 /* iPad */ = {
			isa = PBXGroup;
			children = (
				A366118D1649D50200088AF4 /* Images */,
				A36611921649D50200088AF4 /* PKCustomKeyboard.h */,
				A36611931649D50200088AF4 /* PKCustomKeyboard.m */,
				A36611941649D50200088AF4 /* PKCustomKeyboard.xib */,
			);
			name = iPad;
			path = ../iPad;
			sourceTree = "<group>";
		};
		A366118D1649D50200088AF4 /* Images */ = {
			isa = PBXGroup;
			children = (
				A366118E1649D50200088AF4 /* Keyboard_Blank.png */,
				A366118F1649D50200088AF4 /* Keyboard_Blank@2x.png */,
				A36611901649D50200088AF4 /* Keyboard_Shift.png */,
				A36611911649D50200088AF4 /* Keyboard_Shift@2x.png */,
			);
			path = Images;
			sourceTree = "<group>";
		};
		A36611951649D50200088AF4 /* iPhone:iPod */ = {
			isa = PBXGroup;
			children = (
				A36611B01649D8B400088AF4 /* Images */,
				A366119B1649D50200088AF4 /* PMCustomKeyboard.h */,
				A366119C1649D50200088AF4 /* PMCustomKeyboard.m */,
				A366119D1649D50200088AF4 /* PMCustomKeyboard.xib */,
			);
			name = "iPhone:iPod";
			path = "../iPhone:iPod";
			sourceTree = "<group>";
		};
		A36611B01649D8B400088AF4 /* Images */ = {
			isa = PBXGroup;
			children = (
				A3F070021649D8FE007C389B /* delete.png */,
				A3F070031649D8FE007C389B /* delete@2x.png */,
				A3F070041649D8FE007C389B /* glow.png */,
				A3F070051649D8FE007C389B /* iOS_Keyboard.png */,
				A3F070061649D8FE007C389B /* iOS_Keyboard@2x.png */,
				A3F070071649D8FE007C389B /* return.png */,
				A3F070081649D8FE007C389B /* return@2x.png */,
			);
			name = Images;
			sourceTree = "<group>";
		};
/* End PBXGroup section */

/* Begin PBXNativeTarget section */
		A366115D1649D4B500088AF4 /* iOS Custom Keyboards */ = {
			isa = PBXNativeTarget;
			buildConfigurationList = A36611851649D4B500088AF4 /* Build configuration list for PBXNativeTarget "iOS Custom Keyboards" */;
			buildPhases = (
				A366115A1649D4B500088AF4 /* Sources */,
				A366115B1649D4B500088AF4 /* Frameworks */,
				A366115C1649D4B500088AF4 /* Resources */,
			);
			buildRules = (
			);
			dependencies = (
			);
			name = "iOS Custom Keyboards";
			productName = "iOS Custom Keyboards";
			productReference = A366115E1649D4B500088AF4 /* iOS Custom Keyboards.app */;
			productType = "com.apple.product-type.application";
		};
/* End PBXNativeTarget section */

/* Begin PBXProject section */
		A36611551649D4B500088AF4 /* Project object */ = {
			isa = PBXProject;
			attributes = {
				CLASSPREFIX = UT;
				LastUpgradeCheck = 0450;
				ORGANIZATIONNAME = "Kulpreet Chilana";
			};
			buildConfigurationList = A36611581649D4B500088AF4 /* Build configuration list for PBXProject "iOS Custom Keyboards" */;
			compatibilityVersion = "Xcode 3.2";
			developmentRegion = English;
			hasScannedForEncodings = 0;
			knownRegions = (
				en,
			);
			mainGroup = A36611531649D4B500088AF4;
			productRefGroup = A366115F1649D4B500088AF4 /* Products */;
			projectDirPath = "";
			projectRoot = "";
			targets = (
				A366115D1649D4B500088AF4 /* iOS Custom Keyboards */,
			);
		};
/* End PBXProject section */

/* Begin PBXResourcesBuildPhase section */
		A366115C1649D4B500088AF4 /* Resources */ = {
			isa = PBXResourcesBuildPhase;
			buildActionMask = 2147483647;
			files = (
				A366116D1649D4B500088AF4 /* InfoPlist.strings in Resources */,
				A36611751649D4B500088AF4 /* Default.png in Resources */,
				A36611771649D4B500088AF4 /* Default@2x.png in Resources */,
				A36611791649D4B500088AF4 /* Default-568h@2x.png in Resources */,
				A366117C1649D4B500088AF4 /* MainStoryboard_iPhone.storyboard in Resources */,
				A366117F1649D4B500088AF4 /* MainStoryboard_iPad.storyboard in Resources */,
				A36611A01649D50200088AF4 /* Keyboard_Blank.png in Resources */,
				A36611A11649D50200088AF4 /* Keyboard_Blank@2x.png in Resources */,
				A36611A21649D50200088AF4 /* Keyboard_Shift.png in Resources */,
				A36611A31649D50200088AF4 /* Keyboard_Shift@2x.png in Resources */,
				A36611A51649D50200088AF4 /* PKCustomKeyboard.xib in Resources */,
				A36611AC1649D50200088AF4 /* PMCustomKeyboard.xib in Resources */,
				A3F070091649D8FE007C389B /* delete.png in Resources */,
				A3F0700A1649D8FE007C389B /* delete@2x.png in Resources */,
				A3F0700B1649D8FE007C389B /* glow.png in Resources */,
				A3F0700C1649D8FE007C389B /* iOS_Keyboard.png in Resources */,
				A3F0700D1649D8FE007C389B /* iOS_Keyboard@2x.png in Resources */,
				A3F0700E1649D8FE007C389B /* return.png in Resources */,
				A3F0700F1649D8FE007C389B /* return@2x.png in Resources */,
			);
			runOnlyForDeploymentPostprocessing = 0;
		};
/* End PBXResourcesBuildPhase section */

/* Begin PBXSourcesBuildPhase section */
		A366115A1649D4B500088AF4 /* Sources */ = {
			isa = PBXSourcesBuildPhase;
			buildActionMask = 2147483647;
			files = (
				A366116F1649D4B500088AF4 /* main.m in Sources */,
				A36611731649D4B500088AF4 /* UTAppDelegate.m in Sources */,
				A36611821649D4B500088AF4 /* UTViewController.m in Sources */,
				A36611A41649D50200088AF4 /* PKCustomKeyboard.m in Sources */,
				A36611AB1649D50200088AF4 /* PMCustomKeyboard.m in Sources */,
			);
			runOnlyForDeploymentPostprocessing = 0;
		};
/* End PBXSourcesBuildPhase section */

/* Begin PBXVariantGroup section */
		A366116B1649D4B500088AF4 /* InfoPlist.strings */ = {
			isa = PBXVariantGroup;
			children = (
				A366116C1649D4B500088AF4 /* en */,
			);
			name = InfoPlist.strings;
			sourceTree = "<group>";
		};
		A366117A1649D4B500088AF4 /* MainStoryboard_iPhone.storyboard */ = {
			isa = PBXVariantGroup;
			children = (
				A366117B1649D4B500088AF4 /* en */,
			);
			name = MainStoryboard_iPhone.storyboard;
			sourceTree = "<group>";
		};
		A366117D1649D4B500088AF4 /* MainStoryboard_iPad.storyboard */ = {
			isa = PBXVariantGroup;
			children = (
				A366117E1649D4B500088AF4 /* en */,
			);
			name = MainStoryboard_iPad.storyboard;
			sourceTree = "<group>";
		};
/* End PBXVariantGroup section */

/* Begin XCBuildConfiguration section */
		A36611831649D4B500088AF4 /* Debug */ = {
			isa = XCBuildConfiguration;
			buildSettings = {
				ALWAYS_SEARCH_USER_PATHS = NO;
				CLANG_CXX_LANGUAGE_STANDARD = "gnu++0x";
				CLANG_CXX_LIBRARY = "libc++";
				CLANG_ENABLE_OBJC_ARC = YES;
				CLANG_WARN_EMPTY_BODY = YES;
				CLANG_WARN__DUPLICATE_METHOD_MATCH = YES;
				"CODE_SIGN_IDENTITY[sdk=iphoneos*]" = "iPhone Developer";
				COPY_PHASE_STRIP = NO;
				GCC_C_LANGUAGE_STANDARD = gnu99;
				GCC_DYNAMIC_NO_PIC = NO;
				GCC_OPTIMIZATION_LEVEL = 0;
				GCC_PREPROCESSOR_DEFINITIONS = (
					"DEBUG=1",
					"$(inherited)",
				);
				GCC_SYMBOLS_PRIVATE_EXTERN = NO;
				GCC_WARN_ABOUT_RETURN_TYPE = YES;
				GCC_WARN_UNINITIALIZED_AUTOS = YES;
				GCC_WARN_UNUSED_VARIABLE = YES;
				IPHONEOS_DEPLOYMENT_TARGET = 6.0;
				ONLY_ACTIVE_ARCH = YES;
				SDKROOT = iphoneos;
				TARGETED_DEVICE_FAMILY = "1,2";
			};
			name = Debug;
		};
		A36611841649D4B500088AF4 /* Release */ = {
			isa = XCBuildConfiguration;
			buildSettings = {
				ALWAYS_SEARCH_USER_PATHS = NO;
				CLANG_CXX_LANGUAGE_STANDARD = "gnu++0x";
				CLANG_CXX_LIBRARY = "libc++";
				CLANG_ENABLE_OBJC_ARC = YES;
				CLANG_WARN_EMPTY_BODY = YES;
				CLANG_WARN__DUPLICATE_METHOD_MATCH = YES;
				"CODE_SIGN_IDENTITY[sdk=iphoneos*]" = "iPhone Developer";
				COPY_PHASE_STRIP = YES;
				GCC_C_LANGUAGE_STANDARD = gnu99;
				GCC_WARN_ABOUT_RETURN_TYPE = YES;
				GCC_WARN_UNINITIALIZED_AUTOS = YES;
				GCC_WARN_UNUSED_VARIABLE = YES;
				IPHONEOS_DEPLOYMENT_TARGET = 6.0;
				OTHER_CFLAGS = "-DNS_BLOCK_ASSERTIONS=1";
				SDKROOT = iphoneos;
				TARGETED_DEVICE_FAMILY = "1,2";
				VALIDATE_PRODUCT = YES;
			};
			name = Release;
		};
		A36611861649D4B500088AF4 /* Debug */ = {
			isa = XCBuildConfiguration;
			buildSettings = {
				GCC_PRECOMPILE_PREFIX_HEADER = YES;
				GCC_PREFIX_HEADER = "iOS Custom Keyboards/iOS Custom Keyboards-Prefix.pch";
				INFOPLIST_FILE = "iOS Custom Keyboards/iOS Custom Keyboards-Info.plist";
				PRODUCT_NAME = "$(TARGET_NAME)";
				WRAPPER_EXTENSION = app;
			};
			name = Debug;
		};
		A36611871649D4B500088AF4 /* Release */ = {
			isa = XCBuildConfiguration;
			buildSettings = {
				GCC_PRECOMPILE_PREFIX_HEADER = YES;
				GCC_PREFIX_HEADER = "iOS Custom Keyboards/iOS Custom Keyboards-Prefix.pch";
				INFOPLIST_FILE = "iOS Custom Keyboards/iOS Custom Keyboards-Info.plist";
				PRODUCT_NAME = "$(TARGET_NAME)";
				WRAPPER_EXTENSION = app;
			};
			name = Release;
		};
/* End XCBuildConfiguration section */

/* Begin XCConfigurationList section */
		A36611581649D4B500088AF4 /* Build configuration list for PBXProject "iOS Custom Keyboards" */ = {
			isa = XCConfigurationList;
			buildConfigurations = (
				A36611831649D4B500088AF4 /* Debug */,
				A36611841649D4B500088AF4 /* Release */,
			);
			defaultConfigurationIsVisible = 0;
			defaultConfigurationName = Release;
		};
		A36611851649D4B500088AF4 /* Build configuration list for PBXNativeTarget "iOS Custom Keyboards" */ = {
			isa = XCConfigurationList;
			buildConfigurations = (
				A36611861649D4B500088AF4 /* Debug */,
				A36611871649D4B500088AF4 /* Release */,
			);
			defaultConfigurationIsVisible = 0;
			defaultConfigurationName = Release;
		};
/* End XCConfigurationList section */
	};
	rootObject = A36611551649D4B500088AF4 /* Project object */;
}
